
Microsoft Visual Studio Solution File, Format Version 12.00
# Visual Studio 2013
VisualStudioVersion = 12.0.21005.1
MinimumVisualStudioVersion = 10.0.40219.1
Project("{FAE04EC0-301F-11D3-BF4B-00C04F79EFBC}") = "CSharp-Aula4", "CSharp-Aula4.csproj", "{74ECCEFC-2371-485B-96EE-3C92DC0FB42E}"
EndProject
Global
	GlobalSection(SolutionConfigurationPlatforms) = preSolution
		Debug|Any CPU = Debug|Any CPU
		Release|Any CPU = Release|Any CPU
	EndGlobalSection
	GlobalSection(ProjectConfigurationPlatforms) = postSolution
		{74ECCEFC-2371-485B-96EE-3C92DC0FB42E}.Debug|Any CPU.ActiveCfg = Debug|Any CPU
		{74ECCEFC-2371-485B-96EE-3C92DC0FB42E}.Debug|Any CPU.Build.0 = Debug|Any CPU
		{74ECCEFC-2371-485B-96EE-3C92DC0FB42E}.Release|Any CPU.ActiveCfg = Release|Any CPU
		{74ECCEFC-2371-485B-96EE-3C92DC0FB42E}.Release|Any CPU.Build.0 = Release|Any CPU
	EndGlobalSection
	GlobalSection(SolutionProperties) = preSolution
		HideSolutionNode = FALSE
	EndGlobalSection
EndGlobal
